<?xml version="1.0" encoding="utf-8"?>
<Project ToolsVersion="4.0" xmlns="http://schemas.microsoft.com/developer/msbuild/2003">
  <ItemGroup>
    <Filter Include="Generated Files">
      <UniqueIdentifier>{71ED8ED8-ACB9-4CE9-BBE1-E00B30144E11}</UniqueIdentifier>
      <Extensions>cpp;c;cxx;moc;h;def;odl;idl;res;</Extensions>
    </Filter>
    <Filter Include="Header Files">
      <UniqueIdentifier>{93995380-89BD-4b04-88EB-625FBE52EBFB}</UniqueIdentifier>
      <Extensions>h;hpp;hxx;hm;inl;inc;xsd</Extensions>
    </Filter>
    <Filter Include="Resource Files">
      <UniqueIdentifier>{D9D6E242-F8AF-46E4-B9FD-80ECBC20BA3E}</UniqueIdentifier>
      <Extensions>qrc;*</Extensions>
      <ParseFiles>false</ParseFiles>
    </Filter>
    <Filter Include="Source Files">
      <UniqueIdentifier>{4FC737F1-C7A5-4376-A066-2A32D752A2FF}</UniqueIdentifier>
      <Extensions>cpp;c;cxx;def;odl;idl;hpj;bat;asm;asmx</Extensions>
    </Filter>
    <Filter Include="XPM">
      <UniqueIdentifier>{1db65e89-3016-4b62-9e2e-19230f23ff72}</UniqueIdentifier>
    </Filter>
  </ItemGroup>
  <ItemGroup>
    <ClCompile Include="src\ZDLAboutDialog.cpp">
      <Filter>Source Files</Filter>
    </ClCompile>
    <ClCompile Include="src\ZDLConfiguration.cpp">
      <Filter>Source Files</Filter>
    </ClCompile>
    <ClCompile Include="src\ZDLConfigurationEvents.cpp">
      <Filter>Source Files</Filter>
    </ClCompile>
    <ClCompile Include="src\ZDLConfigurationManager.cpp">
      <Filter>Source Files</Filter>
    </ClCompile>
    <ClCompile Include="src\ZDLDMFlagCheckbox.cpp">
      <Filter>Source Files</Filter>
    </ClCompile>
    <ClCompile Include="src\ZDLDMFlagManager.cpp">
      <Filter>Source Files</Filter>
    </ClCompile>
    <ClCompile Include="src\ZDLFileAssociations.cpp">
      <Filter>Source Files</Filter>
    </ClCompile>
    <ClCompile Include="src\ZDLFileList.cpp">
      <Filter>Source Files</Filter>
    </ClCompile>
    <ClCompile Include="src\ZDLFileListable.cpp">
      <Filter>Source Files</Filter>
    </ClCompile>
    <ClCompile Include="src\ZDLFilePane.cpp">
      <Filter>Source Files</Filter>
    </ClCompile>
    <ClCompile Include="src\ZDLIWadList.cpp">
      <Filter>Source Files</Filter>
    </ClCompile>
    <ClCompile Include="src\ZDLImportDialog.cpp">
      <Filter>Source Files</Filter>
    </ClCompile>
    <ClCompile Include="src\ZDLInterface.cpp">
      <Filter>Source Files</Filter>
    </ClCompile>
    <ClCompile Include="src\ZDLListEntry.cpp">
      <Filter>Source Files</Filter>
    </ClCompile>
    <ClCompile Include="src\ZDLListWidget.cpp">
      <Filter>Source Files</Filter>
    </ClCompile>
    <ClCompile Include="src\ZDLListable.cpp">
      <Filter>Source Files</Filter>
    </ClCompile>
    <ClCompile Include="src\ZDLMainWindow.cpp">
      <Filter>Source Files</Filter>
    </ClCompile>
    <ClCompile Include="src\ZDLMapFile.cpp">
      <Filter>Source Files</Filter>
    </ClCompile>
    <ClCompile Include="src\ZDLMultiPane.cpp">
      <Filter>Source Files</Filter>
    </ClCompile>
    <ClCompile Include="src\ZDLNameInput.cpp">
      <Filter>Source Files</Filter>
    </ClCompile>
    <ClCompile Include="src\ZDLNameListable.cpp">
      <Filter>Source Files</Filter>
    </ClCompile>
    <ClCompile Include="src\ZDLQSplitter.cpp">
      <Filter>Source Files</Filter>
    </ClCompile>
    <ClCompile Include="src\ZDLSettingsPane.cpp">
      <Filter>Source Files</Filter>
    </ClCompile>
    <ClCompile Include="src\ZDLSettingsTab.cpp">
      <Filter>Source Files</Filter>
    </ClCompile>
    <ClCompile Include="src\ZDLSourcePortList.cpp">
      <Filter>Source Files</Filter>
    </ClCompile>
    <ClCompile Include="src\ZDLWidget.cpp">
      <Filter>Source Files</Filter>
    </ClCompile>
    <ClCompile Include="src\ZDMFlagDialog.cpp">
      <Filter>Source Files</Filter>
    </ClCompile>
    <ClCompile Include="src\ZDMFlagPicker.cpp">
      <Filter>Source Files</Filter>
    </ClCompile>
    <ClCompile Include="src\extras.cpp">
      <Filter>Source Files</Filter>
    </ClCompile>
    <ClCompile Include="src\libwad.cpp">
      <Filter>Source Files</Filter>
    </ClCompile>
    <ClCompile Include="src\qzdl.cpp">
      <Filter>Source Files</Filter>
    </ClCompile>
    <ClCompile Include="src\zdlconf.cpp">
      <Filter>Source Files</Filter>
    </ClCompile>
    <ClCompile Include="src\zdlline.cpp">
      <Filter>Source Files</Filter>
    </ClCompile>
    <ClCompile Include="src\zdlsection.cpp">
      <Filter>Source Files</Filter>
    </ClCompile>
    <ClCompile Include="src\zdlvariables.cpp">
      <Filter>Source Files</Filter>
    </ClCompile>
    <ClCompile Include="SimpleWFA\SimpleWFA.cpp">
      <Filter>Source Files</Filter>
    </ClCompile>
    <ClCompile Include="moc\moc_ZDLAboutDialog.cpp">
      <Filter>Generated Files</Filter>
    </ClCompile>
    <ClCompile Include="moc\moc_ZDLConfigurationEvents.cpp">
      <Filter>Generated Files</Filter>
    </ClCompile>
    <ClCompile Include="moc\moc_ZDLDMFlagCheckbox.cpp">
      <Filter>Generated Files</Filter>
    </ClCompile>
    <ClCompile Include="moc\moc_ZDLDMFlagManager.cpp">
      <Filter>Generated Files</Filter>
    </ClCompile>
    <ClCompile Include="moc\moc_ZDLFileAssociations.cpp">
      <Filter>Generated Files</Filter>
    </ClCompile>
    <ClCompile Include="moc\moc_ZDLFilePane.cpp">
      <Filter>Generated Files</Filter>
    </ClCompile>
    <ClCompile Include="moc\moc_ZDLImportDialog.cpp">
      <Filter>Generated Files</Filter>
    </ClCompile>
    <ClCompile Include="moc\moc_ZDLInterface.cpp">
      <Filter>Generated Files</Filter>
    </ClCompile>
    <ClCompile Include="moc\moc_ZDLListWidget.cpp">
      <Filter>Generated Files</Filter>
    </ClCompile>
    <ClCompile Include="moc\moc_ZDLListable.cpp">
      <Filter>Generated Files</Filter>
    </ClCompile>
    <ClCompile Include="moc\moc_ZDLMainWindow.cpp">
      <Filter>Generated Files</Filter>
    </ClCompile>
    <ClCompile Include="moc\moc_ZDLMultiPane.cpp">
      <Filter>Generated Files</Filter>
    </ClCompile>
    <ClCompile Include="moc\moc_ZDLNameInput.cpp">
      <Filter>Generated Files</Filter>
    </ClCompile>
    <ClCompile Include="moc\moc_ZDLNameListable.cpp">
      <Filter>Generated Files</Filter>
    </ClCompile>
    <ClCompile Include="moc\moc_ZDLQSplitter.cpp">
      <Filter>Generated Files</Filter>
    </ClCompile>
    <ClCompile Include="moc\moc_ZDLSettingsPane.cpp">
      <Filter>Generated Files</Filter>
    </ClCompile>
    <ClCompile Include="moc\moc_ZDLSettingsTab.cpp">
      <Filter>Generated Files</Filter>
    </ClCompile>
    <ClCompile Include="moc\moc_ZDLWidget.cpp">
      <Filter>Generated Files</Filter>
    </ClCompile>
    <ClCompile Include="moc\moc_ZDMFlagDialog.cpp">
      <Filter>Generated Files</Filter>
    </ClCompile>
    <ClCompile Include="moc\moc_ZDMFlagPicker.cpp">
      <Filter>Generated Files</Filter>
    </ClCompile>
    <ClCompile Include="moc\moc_ZDLFileList.cpp">
      <Filter>Generated Files</Filter>
    </ClCompile>
    <ClCompile Include="moc\moc_ZDLConfigurationManager.cpp">
      <Filter>Generated Files</Filter>
    </ClCompile>
    <ClCompile Include="src\ZDLFileInfo.cpp">
      <Filter>Source Files</Filter>
    </ClCompile>
    <ClCompile Include="moc\moc_ZDLSourcePortList.cpp">
      <Filter>Generated Files</Filter>
    </ClCompile>
    <ClCompile Include="moc\moc_ZDLIWadList.cpp">
      <Filter>Generated Files</Filter>
    </ClCompile>
    <ClCompile Include="miniz\miniz.c">
      <Filter>Source Files</Filter>
    </ClCompile>
    <ClCompile Include="src\ZLibPK3.cpp">
      <Filter>Source Files</Filter>
    </ClCompile>
    <ClInclude Include="include\ZAttribute.h">
      <Filter>Header Files</Filter>
    </ClInclude>
    <CustomBuild Include="include\ZDLAboutDialog.h">
      <Filter>Header Files</Filter>
    </CustomBuild>
    <ClInclude Include="include\ZDLConfiguration.h">
      <Filter>Header Files</Filter>
    </ClInclude>
    <CustomBuild Include="include\ZDLConfigurationEvents.h">
      <Filter>Header Files</Filter>
    </CustomBuild>
    <CustomBuild Include="include\ZDLDMFlagCheckbox.h">
      <Filter>Header Files</Filter>
    </CustomBuild>
    <CustomBuild Include="include\ZDLDMFlagManager.h">
      <Filter>Header Files</Filter>
    </CustomBuild>
    <CustomBuild Include="include\ZDLFileAssociations.h">
      <Filter>Header Files</Filter>
    </CustomBuild>
    <ClInclude Include="include\ZDLFileListable.h">
      <Filter>Header Files</Filter>
    </ClInclude>
    <CustomBuild Include="include\ZDLFilePane.h">
      <Filter>Header Files</Filter>
    </CustomBuild>
    <CustomBuild Include="include\ZDLImportDialog.h">
      <Filter>Header Files</Filter>
    </CustomBuild>
    <CustomBuild Include="include\ZDLInterface.h">
      <Filter>Header Files</Filter>
    </CustomBuild>
    <ClInclude Include="include\ZDLListEntry.hpp">
      <Filter>Header Files</Filter>
    </ClInclude>
    <CustomBuild Include="include\ZDLListWidget.h">
      <Filter>Header Files</Filter>
    </CustomBuild>
    <CustomBuild Include="include\ZDLListable.h">
      <Filter>Header Files</Filter>
    </CustomBuild>
    <CustomBuild Include="include\ZDLMainWindow.h">
      <Filter>Header Files</Filter>
    </CustomBuild>
    <ClInclude Include="include\ZDLMapFile.h">
      <Filter>Header Files</Filter>
    </ClInclude>
    <CustomBuild Include="include\ZDLMultiPane.h">
      <Filter>Header Files</Filter>
    </CustomBuild>
    <CustomBuild Include="include\ZDLNameInput.h">
      <Filter>Header Files</Filter>
    </CustomBuild>
    <CustomBuild Include="include\ZDLNameListable.h">
      <Filter>Header Files</Filter>
    </CustomBuild>
    <ClInclude Include="include\ZDLNullDevice.h">
      <Filter>Header Files</Filter>
    </ClInclude>
    <CustomBuild Include="include\ZDLQSplitter.h">
      <Filter>Header Files</Filter>
    </CustomBuild>
    <CustomBuild Include="include\ZDLSettingsPane.h">
      <Filter>Header Files</Filter>
    </CustomBuild>
    <CustomBuild Include="include\ZDLSettingsTab.h">
      <Filter>Header Files</Filter>
    </CustomBuild>
    <CustomBuild Include="include\ZDLWidget.h">
      <Filter>Header Files</Filter>
    </CustomBuild>
    <CustomBuild Include="include\ZDMFlagDialog.h">
      <Filter>Header Files</Filter>
    </CustomBuild>
    <CustomBuild Include="include\ZDMFlagPicker.h">
      <Filter>Header Files</Filter>
    </CustomBuild>
    <ClInclude Include="include\libwad.h">
      <Filter>Header Files</Filter>
    </ClInclude>
    <ClInclude Include="include\zdlcommon.h">
      <Filter>Header Files</Filter>
    </ClInclude>
    <ClInclude Include="include\zdlconf.hpp">
      <Filter>Header Files</Filter>
    </ClInclude>
    <ClInclude Include="include\zdlline.hpp">
      <Filter>Header Files</Filter>
    </ClInclude>
    <ClInclude Include="include\zdlsection.hpp">
      <Filter>Header Files</Filter>
    </ClInclude>
    <ClInclude Include="include\zdlvariables.hpp">
      <Filter>Header Files</Filter>
    </ClInclude>
    <ClInclude Include="res\Win32\resource.h">
      <Filter>Resource Files</Filter>
    </ClInclude>
    <ClInclude Include="SimpleWFA\SimpleWFA.h">
      <Filter>Header Files</Filter>
    </ClInclude>
    <ClInclude Include="include\ZDLFileInfo.h">
      <Filter>Header Files</Filter>
    </ClInclude>
    <ClInclude Include="miniz\miniz.h">
      <Filter>Header Files</Filter>
    </ClInclude>
    <ClInclude Include="include\ZLibPK3.h">
      <Filter>Header Files</Filter>
    </ClInclude>
    <CustomBuild Include="include\ZDLFileList.h">
      <Filter>Header Files</Filter>
    </CustomBuild>
    <CustomBuild Include="include\ZDLConfigurationManager.h">
      <Filter>Header Files</Filter>
    </CustomBuild>
    <CustomBuild Include="include\ZDLSourcePortList.h">
      <Filter>Header Files</Filter>
    </CustomBuild>
    <CustomBuild Include="include\ZDLIWadList.h">
      <Filter>Header Files</Filter>
    </CustomBuild>
    <None Include="res\Win32\ico_icon.ico">
      <Filter>Resource Files</Filter>
    </None>
    <None Include="res\Win32\ico_arch.ico">
      <Filter>Resource Files</Filter>
    </None>
    <None Include="res\Win32\ico_arch_red.ico">
      <Filter>Resource Files</Filter>
    </None>
    <None Include="res\Win32\ico_cfg.ico">
      <Filter>Resource Files</Filter>
    </None>
    <None Include="res\Win32\ico_patch.ico">
      <Filter>Resource Files</Filter>
    </None>
    <None Include="res\Win32\ico_save.ico">
      <Filter>Resource Files</Filter>
    </None>
    <None Include="res\Win32\ico_wad.ico">
      <Filter>Resource Files</Filter>
    </None>
    <None Include="res\XPM\gph_upt.xpm">
      <Filter>XPM</Filter>
    </None>
    <None Include="res\XPM\gph_dna.xpm">
      <Filter>XPM</Filter>
    </None>
    <None Include="res\XPM\gph_dnt.xpm">
      <Filter>XPM</Filter>
    </None>
    <None Include="res\XPM\gph_fld.xpm">
      <Filter>XPM</Filter>
    </None>
    <None Include="res\XPM\gph_mns.xpm">
      <Filter>XPM</Filter>
    </None>
    <None Include="res\XPM\gph_pls.xpm">
      <Filter>XPM</Filter>
    </None>
    <None Include="res\XPM\gph_upa.xpm">
      <Filter>XPM</Filter>
    </None>
    <None Include="res\XPM\gph_dps.xpm">
      <Filter>XPM</Filter>
    </None>
    <None Include="res\XPM\adown.xpm">
      <Filter>XPM</Filter>
    </None>
    <None Include="res\XPM\aup.xpm">
      <Filter>XPM</Filter>
    </None>
    <None Include="res\XPM\bmp_logo.xpm">
      <Filter>XPM</Filter>
    </None>
    <None Include="res\XPM\ico_icon.xpm">
      <Filter>XPM</Filter>
    </None>
  </ItemGroup>
  <ItemGroup>
    <ResourceCompile Include="res\Win32\qzdl.rc">
      <Filter>Resource Files</Filter>
    </ResourceCompile>
  </ItemGroup>
</Project>